// !$*UTF8*$!
{
	archiveVersion = 1;
	classes = {
	};
	objectVersion = 46;
	objects = {

/* Begin PBXBuildFile section */
		A0390AF31D0AE31F02A9491E /* Pods.framework in Frameworks */ = {isa = PBXBuildFile; fileRef = BFAFD60C976AAE97E32F0C07 /* Pods.framework */; settings = {ATTRIBUTES = (Weak, ); }; };
		BE25B1CF1BCE9A33007EC85B /* main.m in Sources */ = {isa = PBXBuildFile; fileRef = BE25B1CE1BCE9A33007EC85B /* main.m */; };
		BE25B1D21BCE9A33007EC85B /* AppDelegate.m in Sources */ = {isa = PBXBuildFile; fileRef = BE25B1D11BCE9A33007EC85B /* AppDelegate.m */; };
		BE25B1D51BCE9A33007EC85B /* ViewController.m in Sources */ = {isa = PBXBuildFile; fileRef = BE25B1D41BCE9A33007EC85B /* ViewController.m */; };
		BE25B1D81BCE9A33007EC85B /* Main.storyboard in Resources */ = {isa = PBXBuildFile; fileRef = BE25B1D61BCE9A33007EC85B /* Main.storyboard */; };
		BE25B1DA1BCE9A33007EC85B /* Assets.xcassets in Resources */ = {isa = PBXBuildFile; fileRef = BE25B1D91BCE9A33007EC85B /* Assets.xcassets */; };
		BE25B1DD1BCE9A33007EC85B /* LaunchScreen.storyboard in Resources */ = {isa = PBXBuildFile; fileRef = BE25B1DB1BCE9A33007EC85B /* LaunchScreen.storyboard */; };
		BE25B1E81BCE9A33007EC85B /* StationFinderRevisedTests.m in Sources */ = {isa = PBXBuildFile; fileRef = BE25B1E71BCE9A33007EC85B /* StationFinderRevisedTests.m */; };
		BE25B1F31BCE9A33007EC85B /* StationFinderRevisedUITests.m in Sources */ = {isa = PBXBuildFile; fileRef = BE25B1F21BCE9A33007EC85B /* StationFinderRevisedUITests.m */; };
		BE25B2011BCE9A54007EC85B /* Settings.bundle in Resources */ = {isa = PBXBuildFile; fileRef = BE25B2001BCE9A54007EC85B /* Settings.bundle */; };
		BE28CC141BD5526B00341B38 /* rail-metro-blue.png in Resources */ = {isa = PBXBuildFile; fileRef = BE28CC131BD5526B00341B38 /* rail-metro-blue.png */; };
		BE28CC161BD5611500341B38 /* rail-metro-blue@2x.png in Resources */ = {isa = PBXBuildFile; fileRef = BE28CC151BD5611500341B38 /* rail-metro-blue@2x.png */; };
		BE28CC191BD56BC600341B38 /* WebViewController.m in Sources */ = {isa = PBXBuildFile; fileRef = BE28CC181BD56BC600341B38 /* WebViewController.m */; };
		BE76D5AC1BD6B3BB00066935 /* StationDotsView.m in Sources */ = {isa = PBXBuildFile; fileRef = BE76D5AB1BD6B3BB00066935 /* StationDotsView.m */; };
		BEE6A3E71BCECD88008BF574 /* stations.geojson in Resources */ = {isa = PBXBuildFile; fileRef = BEE6A3E61BCECD88008BF574 /* stations.geojson */; };
		BEE6A3EA1BCEFDE8008BF574 /* Station.m in Sources */ = {isa = PBXBuildFile; fileRef = BEE6A3E91BCEFDE8008BF574 /* Station.m */; };
/* End PBXBuildFile section */

/* Begin PBXContainerItemProxy section */
		BE25B1E41BCE9A33007EC85B /* PBXContainerItemProxy */ = {
			isa = PBXContainerItemProxy;
			containerPortal = BE25B1C21BCE9A32007EC85B /* Project object */;
			proxyType = 1;
			remoteGlobalIDString = BE25B1C91BCE9A33007EC85B;
			remoteInfo = StationFinderRevised;
		};
		BE25B1EF1BCE9A33007EC85B /* PBXContainerItemProxy */ = {
			isa = PBXContainerItemProxy;
			containerPortal = BE25B1C21BCE9A32007EC85B /* Project object */;
			proxyType = 1;
			remoteGlobalIDString = BE25B1C91BCE9A33007EC85B;
			remoteInfo = StationFinderRevised;
		};
/* End PBXContainerItemProxy section */

/* Begin PBXFileReference section */
		4F47A6A4C868EE8CC687C6F6 /* Pods.release.xcconfig */ = {isa = PBXFileReference; includeInIndex = 1; lastKnownFileType = text.xcconfig; name = Pods.release.xcconfig; path = "Pods/Target Support Files/Pods/Pods.release.xcconfig"; sourceTree = "<group>"; };
		81AE679BBEEC8E1F5384D8F1 /* Pods.debug.xcconfig */ = {isa = PBXFileReference; includeInIndex = 1; lastKnownFileType = text.xcconfig; name = Pods.debug.xcconfig; path = "Pods/Target Support Files/Pods/Pods.debug.xcconfig"; sourceTree = "<group>"; };
		BE25B1CA1BCE9A33007EC85B /* StationFinderRevised.app */ = {isa = PBXFileReference; explicitFileType = wrapper.application; includeInIndex = 0; path = StationFinderRevised.app; sourceTree = BUILT_PRODUCTS_DIR; };
		BE25B1CE1BCE9A33007EC85B /* main.m */ = {isa = PBXFileReference; lastKnownFileType = sourcecode.c.objc; path = main.m; sourceTree = "<group>"; };
		BE25B1D01BCE9A33007EC85B /* AppDelegate.h */ = {isa = PBXFileReference; lastKnownFileType = sourcecode.c.h; path = AppDelegate.h; sourceTree = "<group>"; };
		BE25B1D11BCE9A33007EC85B /* AppDelegate.m */ = {isa = PBXFileReference; lastKnownFileType = sourcecode.c.objc; path = AppDelegate.m; sourceTree = "<group>"; };
		BE25B1D31BCE9A33007EC85B /* ViewController.h */ = {isa = PBXFileReference; lastKnownFileType = sourcecode.c.h; path = ViewController.h; sourceTree = "<group>"; };
		BE25B1D41BCE9A33007EC85B /* ViewController.m */ = {isa = PBXFileReference; lastKnownFileType = sourcecode.c.objc; path = ViewController.m; sourceTree = "<group>"; };
		BE25B1D71BCE9A33007EC85B /* Base */ = {isa = PBXFileReference; lastKnownFileType = file.storyboard; name = Base; path = Base.lproj/Main.storyboard; sourceTree = "<group>"; };
		BE25B1D91BCE9A33007EC85B /* Assets.xcassets */ = {isa = PBXFileReference; lastKnownFileType = folder.assetcatalog; path = Assets.xcassets; sourceTree = "<group>"; };
		BE25B1DC1BCE9A33007EC85B /* Base */ = {isa = PBXFileReference; lastKnownFileType = file.storyboard; name = Base; path = Base.lproj/LaunchScreen.storyboard; sourceTree = "<group>"; };
		BE25B1DE1BCE9A33007EC85B /* Info.plist */ = {isa = PBXFileReference; lastKnownFileType = text.plist.xml; path = Info.plist; sourceTree = "<group>"; };
		BE25B1E31BCE9A33007EC85B /* StationFinderRevisedTests.xctest */ = {isa = PBXFileReference; explicitFileType = wrapper.cfbundle; includeInIndex = 0; path = StationFinderRevisedTests.xctest; sourceTree = BUILT_PRODUCTS_DIR; };
		BE25B1E71BCE9A33007EC85B /* StationFinderRevisedTests.m */ = {isa = PBXFileReference; lastKnownFileType = sourcecode.c.objc; path = StationFinderRevisedTests.m; sourceTree = "<group>"; };
		BE25B1E91BCE9A33007EC85B /* Info.plist */ = {isa = PBXFileReference; lastKnownFileType = text.plist.xml; path = Info.plist; sourceTree = "<group>"; };
		BE25B1EE1BCE9A33007EC85B /* StationFinderRevisedUITests.xctest */ = {isa = PBXFileReference; explicitFileType = wrapper.cfbundle; includeInIndex = 0; path = StationFinderRevisedUITests.xctest; sourceTree = BUILT_PRODUCTS_DIR; };
		BE25B1F21BCE9A33007EC85B /* StationFinderRevisedUITests.m */ = {isa = PBXFileReference; lastKnownFileType = sourcecode.c.objc; path = StationFinderRevisedUITests.m; sourceTree = "<group>"; };
		BE25B1F41BCE9A33007EC85B /* Info.plist */ = {isa = PBXFileReference; lastKnownFileType = text.plist.xml; path = Info.plist; sourceTree = "<group>"; };
		BE25B2001BCE9A54007EC85B /* Settings.bundle */ = {isa = PBXFileReference; lastKnownFileType = "wrapper.plug-in"; path = Settings.bundle; sourceTree = "<group>"; };
		BE28CC131BD5526B00341B38 /* rail-metro-blue.png */ = {isa = PBXFileReference; lastKnownFileType = image.png; path = "rail-metro-blue.png"; sourceTree = "<group>"; };
		BE28CC151BD5611500341B38 /* rail-metro-blue@2x.png */ = {isa = PBXFileReference; lastKnownFileType = image.png; path = "rail-metro-blue@2x.png"; sourceTree = "<group>"; };
		BE28CC171BD56BC600341B38 /* WebViewController.h */ = {isa = PBXFileReference; fileEncoding = 4; lastKnownFileType = sourcecode.c.h; path = WebViewController.h; sourceTree = "<group>"; };
		BE28CC181BD56BC600341B38 /* WebViewController.m */ = {isa = PBXFileReference; fileEncoding = 4; lastKnownFileType = sourcecode.c.objc; path = WebViewController.m; sourceTree = "<group>"; };
		BE76D5AA1BD6B3BB00066935 /* StationDotsView.h */ = {isa = PBXFileReference; fileEncoding = 4; lastKnownFileType = sourcecode.c.h; path = StationDotsView.h; sourceTree = "<group>"; };
		BE76D5AB1BD6B3BB00066935 /* StationDotsView.m */ = {isa = PBXFileReference; fileEncoding = 4; lastKnownFileType = sourcecode.c.objc; path = StationDotsView.m; sourceTree = "<group>"; };
		BEE6A3E61BCECD88008BF574 /* stations.geojson */ = {isa = PBXFileReference; fileEncoding = 4; lastKnownFileType = text; path = stations.geojson; sourceTree = "<group>"; };
		BEE6A3E81BCEFDE8008BF574 /* Station.h */ = {isa = PBXFileReference; fileEncoding = 4; lastKnownFileType = sourcecode.c.h; name = Station.h; path = ../Station.h; sourceTree = "<group>"; };
		BEE6A3E91BCEFDE8008BF574 /* Station.m */ = {isa = PBXFileReference; fileEncoding = 4; lastKnownFileType = sourcecode.c.objc; name = Station.m; path = ../Station.m; sourceTree = "<group>"; };
		BFAFD60C976AAE97E32F0C07 /* Pods.framework */ = {isa = PBXFileReference; explicitFileType = wrapper.framework; includeInIndex = 0; path = Pods.framework; sourceTree = BUILT_PRODUCTS_DIR; };
/* End PBXFileReference section */

/* Begin PBXFrameworksBuildPhase section */
		BE25B1C71BCE9A33007EC85B /* Frameworks */ = {
			isa = PBXFrameworksBuildPhase;
			buildActionMask = 2147483647;
			files = (
				A0390AF31D0AE31F02A9491E /* Pods.framework in Frameworks */,
			);
			runOnlyForDeploymentPostprocessing = 0;
		};
		BE25B1E01BCE9A33007EC85B /* Frameworks */ = {
			isa = PBXFrameworksBuildPhase;
			buildActionMask = 2147483647;
			files = (
			);
			runOnlyForDeploymentPostprocessing = 0;
		};
		BE25B1EB1BCE9A33007EC85B /* Frameworks */ = {
			isa = PBXFrameworksBuildPhase;
			buildActionMask = 2147483647;
			files = (
			);
			runOnlyForDeploymentPostprocessing = 0;
		};
/* End PBXFrameworksBuildPhase section */

/* Begin PBXGroup section */
		10A7A7C715D7AA129A7D38FB /* Pods */ = {
			isa = PBXGroup;
			children = (
				81AE679BBEEC8E1F5384D8F1 /* Pods.debug.xcconfig */,
				4F47A6A4C868EE8CC687C6F6 /* Pods.release.xcconfig */,
			);
			name = Pods;
			sourceTree = "<group>";
		};
		40639AF13F0D5105D65BC7C1 /* Frameworks */ = {
			isa = PBXGroup;
			children = (
				BFAFD60C976AAE97E32F0C07 /* Pods.framework */,
			);
			name = Frameworks;
			sourceTree = "<group>";
		};
		BE25B1C11BCE9A32007EC85B = {
			isa = PBXGroup;
			children = (
				BE25B1CC1BCE9A33007EC85B /* StationFinderRevised */,
				BE25B1E61BCE9A33007EC85B /* StationFinderRevisedTests */,
				BE25B1F11BCE9A33007EC85B /* StationFinderRevisedUITests */,
				BE25B1CB1BCE9A33007EC85B /* Products */,
				10A7A7C715D7AA129A7D38FB /* Pods */,
				40639AF13F0D5105D65BC7C1 /* Frameworks */,
			);
			sourceTree = "<group>";
		};
		BE25B1CB1BCE9A33007EC85B /* Products */ = {
			isa = PBXGroup;
			children = (
				BE25B1CA1BCE9A33007EC85B /* StationFinderRevised.app */,
				BE25B1E31BCE9A33007EC85B /* StationFinderRevisedTests.xctest */,
				BE25B1EE1BCE9A33007EC85B /* StationFinderRevisedUITests.xctest */,
			);
			name = Products;
			sourceTree = "<group>";
		};
		BE25B1CC1BCE9A33007EC85B /* StationFinderRevised */ = {
			isa = PBXGroup;
			children = (
				BEE6A3E61BCECD88008BF574 /* stations.geojson */,
				BE25B2001BCE9A54007EC85B /* Settings.bundle */,
				BE25B1D01BCE9A33007EC85B /* AppDelegate.h */,
				BE25B1D11BCE9A33007EC85B /* AppDelegate.m */,
				BE25B1D31BCE9A33007EC85B /* ViewController.h */,
				BE25B1D41BCE9A33007EC85B /* ViewController.m */,
				BE28CC171BD56BC600341B38 /* WebViewController.h */,
				BE28CC181BD56BC600341B38 /* WebViewController.m */,
				BEE6A3E81BCEFDE8008BF574 /* Station.h */,
				BEE6A3E91BCEFDE8008BF574 /* Station.m */,
				BE76D5AA1BD6B3BB00066935 /* StationDotsView.h */,
				BE76D5AB1BD6B3BB00066935 /* StationDotsView.m */,
				BE25B1D61BCE9A33007EC85B /* Main.storyboard */,
				BE25B1D91BCE9A33007EC85B /* Assets.xcassets */,
				BE25B1DB1BCE9A33007EC85B /* LaunchScreen.storyboard */,
				BE25B1DE1BCE9A33007EC85B /* Info.plist */,
				BE25B1CD1BCE9A33007EC85B /* Supporting Files */,
			);
			path = StationFinderRevised;
			sourceTree = "<group>";
		};
		BE25B1CD1BCE9A33007EC85B /* Supporting Files */ = {
			isa = PBXGroup;
			children = (
				BE28CC131BD5526B00341B38 /* rail-metro-blue.png */,
				BE28CC151BD5611500341B38 /* rail-metro-blue@2x.png */,
				BE25B1CE1BCE9A33007EC85B /* main.m */,
			);
			name = "Supporting Files";
			sourceTree = "<group>";
		};
		BE25B1E61BCE9A33007EC85B /* StationFinderRevisedTests */ = {
			isa = PBXGroup;
			children = (
				BE25B1E71BCE9A33007EC85B /* StationFinderRevisedTests.m */,
				BE25B1E91BCE9A33007EC85B /* Info.plist */,
			);
			path = StationFinderRevisedTests;
			sourceTree = "<group>";
		};
		BE25B1F11BCE9A33007EC85B /* StationFinderRevisedUITests */ = {
			isa = PBXGroup;
			children = (
				BE25B1F21BCE9A33007EC85B /* StationFinderRevisedUITests.m */,
				BE25B1F41BCE9A33007EC85B /* Info.plist */,
			);
			path = StationFinderRevisedUITests;
			sourceTree = "<group>";
		};
/* End PBXGroup section */

/* Begin PBXNativeTarget section */
		BE25B1C91BCE9A33007EC85B /* StationFinderRevised */ = {
			isa = PBXNativeTarget;
			buildConfigurationList = BE25B1F71BCE9A33007EC85B /* Build configuration list for PBXNativeTarget "StationFinderRevised" */;
			buildPhases = (
				23EDDDD40D672B740830919F /* Check Pods Manifest.lock */,
				BE25B1C61BCE9A33007EC85B /* Sources */,
				BE25B1C71BCE9A33007EC85B /* Frameworks */,
				BE25B1C81BCE9A33007EC85B /* Resources */,
				26C18AA0FF0452921FBD99FD /* Embed Pods Frameworks */,
				BA6D13BBF29DD14D8CA82BAB /* Copy Pods Resources */,
			);
			buildRules = (
			);
			dependencies = (
			);
			name = StationFinderRevised;
			productName = StationFinderRevised;
			productReference = BE25B1CA1BCE9A33007EC85B /* StationFinderRevised.app */;
			productType = "com.apple.product-type.application";
		};
		BE25B1E21BCE9A33007EC85B /* StationFinderRevisedTests */ = {
			isa = PBXNativeTarget;
			buildConfigurationList = BE25B1FA1BCE9A33007EC85B /* Build configuration list for PBXNativeTarget "StationFinderRevisedTests" */;
			buildPhases = (
				BE25B1DF1BCE9A33007EC85B /* Sources */,
				BE25B1E01BCE9A33007EC85B /* Frameworks */,
				BE25B1E11BCE9A33007EC85B /* Resources */,
			);
			buildRules = (
			);
			dependencies = (
				BE25B1E51BCE9A33007EC85B /* PBXTargetDependency */,
			);
			name = StationFinderRevisedTests;
			productName = StationFinderRevisedTests;
			productReference = BE25B1E31BCE9A33007EC85B /* StationFinderRevisedTests.xctest */;
			productType = "com.apple.product-type.bundle.unit-test";
		};
		BE25B1ED1BCE9A33007EC85B /* StationFinderRevisedUITests */ = {
			isa = PBXNativeTarget;
			buildConfigurationList = BE25B1FD1BCE9A33007EC85B /* Build configuration list for PBXNativeTarget "StationFinderRevisedUITests" */;
			buildPhases = (
				BE25B1EA1BCE9A33007EC85B /* Sources */,
				BE25B1EB1BCE9A33007EC85B /* Frameworks */,
				BE25B1EC1BCE9A33007EC85B /* Resources */,
			);
			buildRules = (
			);
			dependencies = (
				BE25B1F01BCE9A33007EC85B /* PBXTargetDependency */,
			);
			name = StationFinderRevisedUITests;
			productName = StationFinderRevisedUITests;
			productReference = BE25B1EE1BCE9A33007EC85B /* StationFinderRevisedUITests.xctest */;
			productType = "com.apple.product-type.bundle.ui-testing";
		};
/* End PBXNativeTarget section */

/* Begin PBXProject section */
		BE25B1C21BCE9A32007EC85B /* Project object */ = {
			isa = PBXProject;
			attributes = {
				LastUpgradeCheck = 0700;
				ORGANIZATIONNAME = "Grier Mobile Development";
				TargetAttributes = {
					BE25B1C91BCE9A33007EC85B = {
						CreatedOnToolsVersion = 7.0;
						DevelopmentTeam = L2866N5XVV;
						SystemCapabilities = {
							com.apple.BackgroundModes = {
								enabled = 1;
							};
						};
					};
					BE25B1E21BCE9A33007EC85B = {
						CreatedOnToolsVersion = 7.0;
						TestTargetID = BE25B1C91BCE9A33007EC85B;
					};
					BE25B1ED1BCE9A33007EC85B = {
						CreatedOnToolsVersion = 7.0;
						TestTargetID = BE25B1C91BCE9A33007EC85B;
					};
				};
			};
			buildConfigurationList = BE25B1C51BCE9A32007EC85B /* Build configuration list for PBXProject "StationFinderRevised" */;
			compatibilityVersion = "Xcode 3.2";
			developmentRegion = English;
			hasScannedForEncodings = 0;
			knownRegions = (
				en,
				Base,
			);
			mainGroup = BE25B1C11BCE9A32007EC85B;
			productRefGroup = BE25B1CB1BCE9A33007EC85B /* Products */;
			projectDirPath = "";
			projectRoot = "";
			targets = (
				BE25B1C91BCE9A33007EC85B /* StationFinderRevised */,
				BE25B1E21BCE9A33007EC85B /* StationFinderRevisedTests */,
				BE25B1ED1BCE9A33007EC85B /* StationFinderRevisedUITests */,
			);
		};
/* End PBXProject section */

/* Begin PBXResourcesBuildPhase section */
		BE25B1C81BCE9A33007EC85B /* Resources */ = {
			isa = PBXResourcesBuildPhase;
			buildActionMask = 2147483647;
			files = (
				BE25B2011BCE9A54007EC85B /* Settings.bundle in Resources */,
				BE25B1DD1BCE9A33007EC85B /* LaunchScreen.storyboard in Resources */,
				BE25B1DA1BCE9A33007EC85B /* Assets.xcassets in Resources */,
				BE28CC161BD5611500341B38 /* rail-metro-blue@2x.png in Resources */,
				BE25B1D81BCE9A33007EC85B /* Main.storyboard in Resources */,
				BEE6A3E71BCECD88008BF574 /* stations.geojson in Resources */,
				BE28CC141BD5526B00341B38 /* rail-metro-blue.png in Resources */,
			);
			runOnlyForDeploymentPostprocessing = 0;
		};
		BE25B1E11BCE9A33007EC85B /* Resources */ = {
			isa = PBXResourcesBuildPhase;
			buildActionMask = 2147483647;
			files = (
			);
			runOnlyForDeploymentPostprocessing = 0;
		};
		BE25B1EC1BCE9A33007EC85B /* Resources */ = {
			isa = PBXResourcesBuildPhase;
			buildActionMask = 2147483647;
			files = (
			);
			runOnlyForDeploymentPostprocessing = 0;
		};
/* End PBXResourcesBuildPhase section */

/* Begin PBXShellScriptBuildPhase section */
		23EDDDD40D672B740830919F /* Check Pods Manifest.lock */ = {
			isa = PBXShellScriptBuildPhase;
			buildActionMask = 2147483647;
			files = (
			);
			inputPaths = (
			);
			name = "Check Pods Manifest.lock";
			outputPaths = (
			);
			runOnlyForDeploymentPostprocessing = 0;
			shellPath = /bin/sh;
			shellScript = "diff \"${PODS_ROOT}/../Podfile.lock\" \"${PODS_ROOT}/Manifest.lock\" > /dev/null\nif [[ $? != 0 ]] ; then\n    cat << EOM\nerror: The sandbox is not in sync with the Podfile.lock. Run 'pod install' or update your CocoaPods installation.\nEOM\n    exit 1\nfi\n";
			showEnvVarsInLog = 0;
		};
		26C18AA0FF0452921FBD99FD /* Embed Pods Frameworks */ = {
			isa = PBXShellScriptBuildPhase;
			buildActionMask = 2147483647;
			files = (
			);
			inputPaths = (
			);
			name = "Embed Pods Frameworks";
			outputPaths = (
			);
			runOnlyForDeploymentPostprocessing = 0;
			shellPath = /bin/sh;
			shellScript = "\"${SRCROOT}/Pods/Target Support Files/Pods/Pods-frameworks.sh\"\n";
			showEnvVarsInLog = 0;
		};
		BA6D13BBF29DD14D8CA82BAB /* Copy Pods Resources */ = {
			isa = PBXShellScriptBuildPhase;
			buildActionMask = 2147483647;
			files = (
			);
			inputPaths = (
			);
			name = "Copy Pods Resources";
			outputPaths = (
			);
			runOnlyForDeploymentPostprocessing = 0;
			shellPath = /bin/sh;
			shellScript = "\"${SRCROOT}/Pods/Target Support Files/Pods/Pods-resources.sh\"\n";
			showEnvVarsInLog = 0;
		};
/* End PBXShellScriptBuildPhase section */

/* Begin PBXSourcesBuildPhase section */
		BE25B1C61BCE9A33007EC85B /* Sources */ = {
			isa = PBXSourcesBuildPhase;
			buildActionMask = 2147483647;
			files = (
				BE25B1D51BCE9A33007EC85B /* ViewController.m in Sources */,
				BE28CC191BD56BC600341B38 /* WebViewController.m in Sources */,
				BE25B1D21BCE9A33007EC85B /* AppDelegate.m in Sources */,
				BEE6A3EA1BCEFDE8008BF574 /* Station.m in Sources */,
				BE25B1CF1BCE9A33007EC85B /* main.m in Sources */,
				BE76D5AC1BD6B3BB00066935 /* StationDotsView.m in Sources */,
			);
			runOnlyForDeploymentPostprocessing = 0;
		};
		BE25B1DF1BCE9A33007EC85B /* Sources */ = {
			isa = PBXSourcesBuildPhase;
			buildActionMask = 2147483647;
			files = (
				BE25B1E81BCE9A33007EC85B /* StationFinderRevisedTests.m in Sources */,
			);
			runOnlyForDeploymentPostprocessing = 0;
		};
		BE25B1EA1BCE9A33007EC85B /* Sources */ = {
			isa = PBXSourcesBuildPhase;
			buildActionMask = 2147483647;
			files = (
				BE25B1F31BCE9A33007EC85B /* StationFinderRevisedUITests.m in Sources */,
			);
			runOnlyForDeploymentPostprocessing = 0;
		};
/* End PBXSourcesBuildPhase section */

/* Begin PBXTargetDependency section */
		BE25B1E51BCE9A33007EC85B /* PBXTargetDependency */ = {
			isa = PBXTargetDependency;
			target = BE25B1C91BCE9A33007EC85B /* StationFinderRevised */;
			targetProxy = BE25B1E41BCE9A33007EC85B /* PBXContainerItemProxy */;
		};
		BE25B1F01BCE9A33007EC85B /* PBXTargetDependency */ = {
			isa = PBXTargetDependency;
			target = BE25B1C91BCE9A33007EC85B /* StationFinderRevised */;
			targetProxy = BE25B1EF1BCE9A33007EC85B /* PBXContainerItemProxy */;
		};
/* End PBXTargetDependency section */

/* Begin PBXVariantGroup section */
		BE25B1D61BCE9A33007EC85B /* Main.storyboard */ = {
			isa = PBXVariantGroup;
			children = (
				BE25B1D71BCE9A33007EC85B /* Base */,
			);
			name = Main.storyboard;
			sourceTree = "<group>";
		};
		BE25B1DB1BCE9A33007EC85B /* LaunchScreen.storyboard */ = {
			isa = PBXVariantGroup;
			children = (
				BE25B1DC1BCE9A33007EC85B /* Base */,
			);
			name = LaunchScreen.storyboard;
			sourceTree = "<group>";
		};
/* End PBXVariantGroup section */

/* Begin XCBuildConfiguration section */
		BE25B1F51BCE9A33007EC85B /* Debug */ = {
			isa = XCBuildConfiguration;
			buildSettings = {
				ALWAYS_SEARCH_USER_PATHS = NO;
				CLANG_CXX_LANGUAGE_STANDARD = "gnu++0x";
				CLANG_CXX_LIBRARY = "libc++";
				CLANG_ENABLE_MODULES = YES;
				CLANG_ENABLE_OBJC_ARC = YES;
				CLANG_WARN_BOOL_CONVERSION = YES;
				CLANG_WARN_CONSTANT_CONVERSION = YES;
				CLANG_WARN_DIRECT_OBJC_ISA_USAGE = YES_ERROR;
				CLANG_WARN_EMPTY_BODY = YES;
				CLANG_WARN_ENUM_CONVERSION = YES;
				CLANG_WARN_INT_CONVERSION = YES;
				CLANG_WARN_OBJC_ROOT_CLASS = YES_ERROR;
				CLANG_WARN_UNREACHABLE_CODE = YES;
				CLANG_WARN__DUPLICATE_METHOD_MATCH = YES;
				"CODE_SIGN_IDENTITY[sdk=iphoneos*]" = "iPhone Developer";
				COPY_PHASE_STRIP = NO;
				DEBUG_INFORMATION_FORMAT = dwarf;
				ENABLE_STRICT_OBJC_MSGSEND = YES;
				ENABLE_TESTABILITY = YES;
				GCC_C_LANGUAGE_STANDARD = gnu99;
				GCC_DYNAMIC_NO_PIC = NO;
				GCC_NO_COMMON_BLOCKS = YES;
				GCC_OPTIMIZATION_LEVEL = 0;
				GCC_PREPROCESSOR_DEFINITIONS = (
					"DEBUG=1",
					"$(inherited)",
				);
				GCC_WARN_64_TO_32_BIT_CONVERSION = YES;
				GCC_WARN_ABOUT_RETURN_TYPE = YES_ERROR;
				GCC_WARN_UNDECLARED_SELECTOR = YES;
				GCC_WARN_UNINITIALIZED_AUTOS = YES_AGGRESSIVE;
				GCC_WARN_UNUSED_FUNCTION = YES;
				GCC_WARN_UNUSED_VARIABLE = YES;
				IPHONEOS_DEPLOYMENT_TARGET = 9.0;
				MTL_ENABLE_DEBUG_INFO = YES;
				ONLY_ACTIVE_ARCH = YES;
				SDKROOT = iphoneos;
				TARGETED_DEVICE_FAMILY = "1,2";
			};
			name = Debug;
		};
		BE25B1F61BCE9A33007EC85B /* Release */ = {
			isa = XCBuildConfiguration;
			buildSettings = {
				ALWAYS_SEARCH_USER_PATHS = NO;
				CLANG_CXX_LANGUAGE_STANDARD = "gnu++0x";
				CLANG_CXX_LIBRARY = "libc++";
				CLANG_ENABLE_MODULES = YES;
				CLANG_ENABLE_OBJC_ARC = YES;
				CLANG_WARN_BOOL_CONVERSION = YES;
				CLANG_WARN_CONSTANT_CONVERSION = YES;
				CLANG_WARN_DIRECT_OBJC_ISA_USAGE = YES_ERROR;
				CLANG_WARN_EMPTY_BODY = YES;
				CLANG_WARN_ENUM_CONVERSION = YES;
				CLANG_WARN_INT_CONVERSION = YES;
				CLANG_WARN_OBJC_ROOT_CLASS = YES_ERROR;
				CLANG_WARN_UNREACHABLE_CODE = YES;
				CLANG_WARN__DUPLICATE_METHOD_MATCH = YES;
				"CODE_SIGN_IDENTITY[sdk=iphoneos*]" = "iPhone Developer";
				COPY_PHASE_STRIP = NO;
				DEBUG_INFORMATION_FORMAT = "dwarf-with-dsym";
				ENABLE_NS_ASSERTIONS = NO;
				ENABLE_STRICT_OBJC_MSGSEND = YES;
				GCC_C_LANGUAGE_STANDARD = gnu99;
				GCC_NO_COMMON_BLOCKS = YES;
				GCC_WARN_64_TO_32_BIT_CONVERSION = YES;
				GCC_WARN_ABOUT_RETURN_TYPE = YES_ERROR;
				GCC_WARN_UNDECLARED_SELECTOR = YES;
				GCC_WARN_UNINITIALIZED_AUTOS = YES_AGGRESSIVE;
				GCC_WARN_UNUSED_FUNCTION = YES;
				GCC_WARN_UNUSED_VARIABLE = YES;
				IPHONEOS_DEPLOYMENT_TARGET = 9.0;
				MTL_ENABLE_DEBUG_INFO = NO;
				SDKROOT = iphoneos;
				TARGETED_DEVICE_FAMILY = "1,2";
				VALIDATE_PRODUCT = YES;
			};
			name = Release;
		};
		BE25B1F81BCE9A33007EC85B /* Debug */ = {
			isa = XCBuildConfiguration;
			baseConfigurationReference = 81AE679BBEEC8E1F5384D8F1 /* Pods.debug.xcconfig */;
			buildSettings = {
				ASSETCATALOG_COMPILER_APPICON_NAME = AppIcon;
				CODE_SIGN_IDENTITY = "iPhone Developer";
				"CODE_SIGN_IDENTITY[sdk=iphoneos*]" = "iPhone Developer";
				ENABLE_BITCODE = NO;
				INFOPLIST_FILE = StationFinderRevised/Info.plist;
				IPHONEOS_DEPLOYMENT_TARGET = 8.4;
				LD_RUNPATH_SEARCH_PATHS = "$(inherited) @executable_path/Frameworks";
				PRODUCT_BUNDLE_IDENTIFIER = com.charlesgrier.StationFinderRevised;
				PRODUCT_NAME = "$(TARGET_NAME)";
				PROVISIONING_PROFILE = "";
				TARGETED_DEVICE_FAMILY = "1,2";
			};
			name = Debug;
		};
		BE25B1F91BCE9A33007EC85B /* Release */ = {
			isa = XCBuildConfiguration;
			baseConfigurationReference = 4F47A6A4C868EE8CC687C6F6 /* Pods.release.xcconfig */;
			buildSettings = {
				ASSETCATALOG_COMPILER_APPICON_NAME = AppIcon;
				CODE_SIGN_IDENTITY = "iPhone Developer";
				"CODE_SIGN_IDENTITY[sdk=iphoneos*]" = "iPhone Developer";
				ENABLE_BITCODE = NO;
				INFOPLIST_FILE = StationFinderRevised/Info.plist;
				IPHONEOS_DEPLOYMENT_TARGET = 8.4;
				LD_RUNPATH_SEARCH_PATHS = "$(inherited) @executable_path/Frameworks";
				PRODUCT_BUNDLE_IDENTIFIER = com.charlesgrier.StationFinderRevised;
				PRODUCT_NAME = "$(TARGET_NAME)";
				PROVISIONING_PROFILE = "";
				TARGETED_DEVICE_FAMILY = "1,2";
			};
			name = Release;
		};
		BE25B1FB1BCE9A33007EC85B /* Debug */ = {
			isa = XCBuildConfiguration;
			buildSettings = {
				BUNDLE_LOADER = "$(TEST_HOST)";
				INFOPLIST_FILE = StationFinderRevisedTests/Info.plist;
				LD_RUNPATH_SEARCH_PATHS = "$(inherited) @executable_path/Frameworks @loader_path/Frameworks";
				PRODUCT_BUNDLE_IDENTIFIER = com.charlesgrier.StationFinderRevisedTests;
				PRODUCT_NAME = "$(TARGET_NAME)";
				TEST_HOST = "$(BUILT_PRODUCTS_DIR)/StationFinderRevised.app/StationFinderRevised";
			};
			name = Debug;
		};
		BE25B1FC1BCE9A33007EC85B /* Release */ = {
			isa = XCBuildConfiguration;
			buildSettings = {
				BUNDLE_LOADER = "$(TEST_HOST)";
				INFOPLIST_FILE = StationFinderRevisedTests/Info.plist;
				LD_RUNPATH_SEARCH_PATHS = "$(inherited) @executable_path/Frameworks @loader_path/Frameworks";
				PRODUCT_BUNDLE_IDENTIFIER = com.charlesgrier.StationFinderRevisedTests;
				PRODUCT_NAME = "$(TARGET_NAME)";
				TEST_HOST = "$(BUILT_PRODUCTS_DIR)/StationFinderRevised.app/StationFinderRevised";
			};
			name = Release;
		};
		BE25B1FE1BCE9A33007EC85B /* Debug */ = {
			isa = XCBuildConfiguration;
			buildSettings = {
				INFOPLIST_FILE = StationFinderRevisedUITests/Info.plist;
				LD_RUNPATH_SEARCH_PATHS = "$(inherited) @executable_path/Frameworks @loader_path/Frameworks";
				PRODUCT_BUNDLE_IDENTIFIER = com.charlesgrier.StationFinderRevisedUITests;
				PRODUCT_NAME = "$(TARGET_NAME)";
				TEST_TARGET_NAME = StationFinderRevised;
				USES_XCTRUNNER = YES;
			};
			name = Debug;
		};
		BE25B1FF1BCE9A33007EC85B /* Release */ = {
			isa = XCBuildConfiguration;
			buildSettings = {
				INFOPLIST_FILE = StationFinderRevisedUITests/Info.plist;
				LD_RUNPATH_SEARCH_PATHS = "$(inherited) @executable_path/Frameworks @loader_path/Frameworks";
				PRODUCT_BUNDLE_IDENTIFIER = com.charlesgrier.StationFinderRevisedUITests;
				PRODUCT_NAME = "$(TARGET_NAME)";
				TEST_TARGET_NAME = StationFinderRevised;
				USES_XCTRUNNER = YES;
			};
			name = Release;
		};
/* End XCBuildConfiguration section */

/* Begin XCConfigurationList section */
		BE25B1C51BCE9A32007EC85B /* Build configuration list for PBXProject "StationFinderRevised" */ = {
			isa = XCConfigurationList;
			buildConfigurations = (
				BE25B1F51BCE9A33007EC85B /* Debug */,
				BE25B1F61BCE9A33007EC85B /* Release */,
			);
			defaultConfigurationIsVisible = 0;
			defaultConfigurationName = Release;
		};
		BE25B1F71BCE9A33007EC85B /* Build configuration list for PBXNativeTarget "StationFinderRevised" */ = {
			isa = XCConfigurationList;
			buildConfigurations = (
				BE25B1F81BCE9A33007EC85B /* Debug */,
				BE25B1F91BCE9A33007EC85B /* Release */,
			);
			defaultConfigurationIsVisible = 0;
			defaultConfigurationName = Release;
		};
		BE25B1FA1BCE9A33007EC85B /* Build configuration list for PBXNativeTarget "StationFinderRevisedTests" */ = {
			isa = XCConfigurationList;
			buildConfigurations = (
				BE25B1FB1BCE9A33007EC85B /* Debug */,
				BE25B1FC1BCE9A33007EC85B /* Release */,
			);
			defaultConfigurationIsVisible = 0;
			defaultConfigurationName = Release;
		};
		BE25B1FD1BCE9A33007EC85B /* Build configuration list for PBXNativeTarget "StationFinderRevisedUITests" */ = {
			isa = XCConfigurationList;
			buildConfigurations = (
				BE25B1FE1BCE9A33007EC85B /* Debug */,
				BE25B1FF1BCE9A33007EC85B /* Release */,
			);
			defaultConfigurationIsVisible = 0;
			defaultConfigurationName = Release;
		};
/* End XCConfigurationList section */
	};
	rootObject = BE25B1C21BCE9A32007EC85B /* Project object */;
}
